// !$*UTF8*$!
{
	archiveVersion = 1;
	classes = {
	};
	objectVersion = 46;
	objects = {

/* Begin PBXBuildFile section */
		08BFF920F9FBEE039989CB9F /* Pods_Listen.framework in Frameworks */ = {isa = PBXBuildFile; fileRef = A762C30CB852D2B0FED7CC53 /* Pods_Listen.framework */; };
		FDB7927D1EF5019100933229 /* AppDelegate.swift in Sources */ = {isa = PBXBuildFile; fileRef = FDB7927C1EF5019100933229 /* AppDelegate.swift */; };
		FDB7927F1EF5019100933229 /* ViewController.swift in Sources */ = {isa = PBXBuildFile; fileRef = FDB7927E1EF5019100933229 /* ViewController.swift */; };
		FDB792821EF5019100933229 /* Main.storyboard in Resources */ = {isa = PBXBuildFile; fileRef = FDB792801EF5019100933229 /* Main.storyboard */; };
		FDB792841EF5019100933229 /* Assets.xcassets in Resources */ = {isa = PBXBuildFile; fileRef = FDB792831EF5019100933229 /* Assets.xcassets */; };
		FDB792871EF5019100933229 /* LaunchScreen.storyboard in Resources */ = {isa = PBXBuildFile; fileRef = FDB792851EF5019100933229 /* LaunchScreen.storyboard */; };
		FDB7928F1EF5022600933229 /* RecordManager.swift in Sources */ = {isa = PBXBuildFile; fileRef = FDB7928E1EF5022600933229 /* RecordManager.swift */; };
		FDB792931EF51D1700933229 /* VoicesViewController.swift in Sources */ = {isa = PBXBuildFile; fileRef = FDB792921EF51D1700933229 /* VoicesViewController.swift */; };
/* End PBXBuildFile section */

/* Begin PBXFileReference section */
		06CE9B5F062A59398FA2C2E7 /* Pods-Listen.debug.xcconfig */ = {isa = PBXFileReference; includeInIndex = 1; lastKnownFileType = text.xcconfig; name = "Pods-Listen.debug.xcconfig"; path = "Pods/Target Support Files/Pods-Listen/Pods-Listen.debug.xcconfig"; sourceTree = "<group>"; };
		A762C30CB852D2B0FED7CC53 /* Pods_Listen.framework */ = {isa = PBXFileReference; explicitFileType = wrapper.framework; includeInIndex = 0; path = Pods_Listen.framework; sourceTree = BUILT_PRODUCTS_DIR; };
		C9073EC1708CB72FB5FD7E8F /* Pods-Listen.release.xcconfig */ = {isa = PBXFileReference; includeInIndex = 1; lastKnownFileType = text.xcconfig; name = "Pods-Listen.release.xcconfig"; path = "Pods/Target Support Files/Pods-Listen/Pods-Listen.release.xcconfig"; sourceTree = "<group>"; };
		FDB792791EF5019100933229 /* Listen.app */ = {isa = PBXFileReference; explicitFileType = wrapper.application; includeInIndex = 0; path = Listen.app; sourceTree = BUILT_PRODUCTS_DIR; };
		FDB7927C1EF5019100933229 /* AppDelegate.swift */ = {isa = PBXFileReference; lastKnownFileType = sourcecode.swift; path = AppDelegate.swift; sourceTree = "<group>"; };
		FDB7927E1EF5019100933229 /* ViewController.swift */ = {isa = PBXFileReference; lastKnownFileType = sourcecode.swift; path = ViewController.swift; sourceTree = "<group>"; };
		FDB792811EF5019100933229 /* Base */ = {isa = PBXFileReference; lastKnownFileType = file.storyboard; name = Base; path = Base.lproj/Main.storyboard; sourceTree = "<group>"; };
		FDB792831EF5019100933229 /* Assets.xcassets */ = {isa = PBXFileReference; lastKnownFileType = folder.assetcatalog; path = Assets.xcassets; sourceTree = "<group>"; };
		FDB792861EF5019100933229 /* Base */ = {isa = PBXFileReference; lastKnownFileType = file.storyboard; name = Base; path = Base.lproj/LaunchScreen.storyboard; sourceTree = "<group>"; };
		FDB792881EF5019100933229 /* Info.plist */ = {isa = PBXFileReference; lastKnownFileType = text.plist.xml; path = Info.plist; sourceTree = "<group>"; };
		FDB7928E1EF5022600933229 /* RecordManager.swift */ = {isa = PBXFileReference; fileEncoding = 4; lastKnownFileType = sourcecode.swift; path = RecordManager.swift; sourceTree = "<group>"; };
		FDB792921EF51D1700933229 /* VoicesViewController.swift */ = {isa = PBXFileReference; fileEncoding = 4; lastKnownFileType = sourcecode.swift; path = VoicesViewController.swift; sourceTree = "<group>"; };
/* End PBXFileReference section */

/* Begin PBXFrameworksBuildPhase section */
		FDB792761EF5019100933229 /* Frameworks */ = {
			isa = PBXFrameworksBuildPhase;
			buildActionMask = 2147483647;
			files = (
				08BFF920F9FBEE039989CB9F /* Pods_Listen.framework in Frameworks */,
			);
			runOnlyForDeploymentPostprocessing = 0;
		};
/* End PBXFrameworksBuildPhase section */

/* Begin PBXGroup section */
		31419A7CDF18C5960C3F63CC /* Frameworks */ = {
			isa = PBXGroup;
			children = (
				A762C30CB852D2B0FED7CC53 /* Pods_Listen.framework */,
			);
			name = Frameworks;
			sourceTree = "<group>";
		};
		48E740A1CC8E918D763D6268 /* Pods */ = {
			isa = PBXGroup;
			children = (
				06CE9B5F062A59398FA2C2E7 /* Pods-Listen.debug.xcconfig */,
				C9073EC1708CB72FB5FD7E8F /* Pods-Listen.release.xcconfig */,
			);
			name = Pods;
			sourceTree = "<group>";
		};
		FDB792701EF5019100933229 = {
			isa = PBXGroup;
			children = (
				FDB7927B1EF5019100933229 /* Listen */,
				FDB7927A1EF5019100933229 /* Products */,
				48E740A1CC8E918D763D6268 /* Pods */,
				31419A7CDF18C5960C3F63CC /* Frameworks */,
			);
			sourceTree = "<group>";
		};
		FDB7927A1EF5019100933229 /* Products */ = {
			isa = PBXGroup;
			children = (
				FDB792791EF5019100933229 /* Listen.app */,
			);
			name = Products;
			sourceTree = "<group>";
		};
		FDB7927B1EF5019100933229 /* Listen */ = {
			isa = PBXGroup;
			children = (
				FDB7927C1EF5019100933229 /* AppDelegate.swift */,
				FDB7927E1EF5019100933229 /* ViewController.swift */,
				FDB7928E1EF5022600933229 /* RecordManager.swift */,
				FDB792921EF51D1700933229 /* VoicesViewController.swift */,
				FDB792801EF5019100933229 /* Main.storyboard */,
				FDB792831EF5019100933229 /* Assets.xcassets */,
				FDB792851EF5019100933229 /* LaunchScreen.storyboard */,
				FDB792881EF5019100933229 /* Info.plist */,
			);
			path = Listen;
			sourceTree = "<group>";
		};
/* End PBXGroup section */

/* Begin PBXNativeTarget section */
		FDB792781EF5019100933229 /* Listen */ = {
			isa = PBXNativeTarget;
			buildConfigurationList = FDB7928B1EF5019100933229 /* Build configuration list for PBXNativeTarget "Listen" */;
			buildPhases = (
				1D537E4F136BF3E7A5B2F8A2 /* [CP] Check Pods Manifest.lock */,
				FDB792751EF5019100933229 /* Sources */,
				FDB792761EF5019100933229 /* Frameworks */,
				FDB792771EF5019100933229 /* Resources */,
				92DDB831DF78B47A5E82504A /* [CP] Embed Pods Frameworks */,
				EC1438AB211CFA6689AC5D4E /* [CP] Copy Pods Resources */,
			);
			buildRules = (
			);
			dependencies = (
			);
			name = Listen;
			productName = Listen;
			productReference = FDB792791EF5019100933229 /* Listen.app */;
			productType = "com.apple.product-type.application";
		};
/* End PBXNativeTarget section */

/* Begin PBXProject section */
		FDB792711EF5019100933229 /* Project object */ = {
			isa = PBXProject;
			attributes = {
				LastSwiftUpdateCheck = 0820;
				LastUpgradeCheck = 0820;
				ORGANIZATIONNAME = sunyanling;
				TargetAttributes = {
					FDB792781EF5019100933229 = {
						CreatedOnToolsVersion = 8.2.1;
						DevelopmentTeam = 464A59D8Y9;
						ProvisioningStyle = Automatic;
					};
				};
			};
			buildConfigurationList = FDB792741EF5019100933229 /* Build configuration list for PBXProject "Listen" */;
			compatibilityVersion = "Xcode 3.2";
			developmentRegion = English;
			hasScannedForEncodings = 0;
			knownRegions = (
				en,
				Base,
			);
			mainGroup = FDB792701EF5019100933229;
			productRefGroup = FDB7927A1EF5019100933229 /* Products */;
			projectDirPath = "";
			projectRoot = "";
			targets = (
				FDB792781EF5019100933229 /* Listen */,
			);
		};
/* End PBXProject section */

/* Begin PBXResourcesBuildPhase section */
		FDB792771EF5019100933229 /* Resources */ = {
			isa = PBXResourcesBuildPhase;
			buildActionMask = 2147483647;
			files = (
				FDB792871EF5019100933229 /* LaunchScreen.storyboard in Resources */,
				FDB792841EF5019100933229 /* Assets.xcassets in Resources */,
				FDB792821EF5019100933229 /* Main.storyboard in Resources */,
			);
			runOnlyForDeploymentPostprocessing = 0;
		};
/* End PBXResourcesBuildPhase section */

/* Begin PBXShellScriptBuildPhase section */
		1D537E4F136BF3E7A5B2F8A2 /* [CP] Check Pods Manifest.lock */ = {
			isa = PBXShellScriptBuildPhase;
			buildActionMask = 2147483647;
			files = (
			);
			inputPaths = (
			);
			name = "[CP] Check Pods Manifest.lock";
			outputPaths = (
			);
			runOnlyForDeploymentPostprocessing = 0;
			shellPath = /bin/sh;
			shellScript = "diff \"${PODS_ROOT}/../Podfile.lock\" \"${PODS_ROOT}/Manifest.lock\" > /dev/null\nif [ $? != 0 ] ; then\n    # print error to STDERR\n    echo \"error: The sandbox is not in sync with the Podfile.lock. Run 'pod install' or update your CocoaPods installation.\" >&2\n    exit 1\nfi\n";
			showEnvVarsInLog = 0;
		};
		92DDB831DF78B47A5E82504A /* [CP] Embed Pods Frameworks */ = {
			isa = PBXShellScriptBuildPhase;
			buildActionMask = 2147483647;
			files = (
			);
			inputPaths = (
			);
			name = "[CP] Embed Pods Frameworks";
			outputPaths = (
			);
			runOnlyForDeploymentPostprocessing = 0;
			shellPath = /bin/sh;
			shellScript = "\"${SRCROOT}/Pods/Target Support Files/Pods-Listen/Pods-Listen-frameworks.sh\"\n";
			showEnvVarsInLog = 0;
		};
		EC1438AB211CFA6689AC5D4E /* [CP] Copy Pods Resources */ = {
			isa = PBXShellScriptBuildPhase;
			buildActionMask = 2147483647;
			files = (
			);
			inputPaths = (
			);
			name = "[CP] Copy Pods Resources";
			outputPaths = (
			);
			runOnlyForDeploymentPostprocessing = 0;
			shellPath = /bin/sh;
			shellScript = "\"${SRCROOT}/Pods/Target Support Files/Pods-Listen/Pods-Listen-resources.sh\"\n";
			showEnvVarsInLog = 0;
		};
/* End PBXShellScriptBuildPhase section */

/* Begin PBXSourcesBuildPhase section */
		FDB792751EF5019100933229 /* Sources */ = {
			isa = PBXSourcesBuildPhase;
			buildActionMask = 2147483647;
			files = (
				FDB7928F1EF5022600933229 /* RecordManager.swift in Sources */,
				FDB792931EF51D1700933229 /* VoicesViewController.swift in Sources */,
				FDB7927F1EF5019100933229 /* ViewController.swift in Sources */,
				FDB7927D1EF5019100933229 /* AppDelegate.swift in Sources */,
			);
			runOnlyForDeploymentPostprocessing = 0;
		};
/* End PBXSourcesBuildPhase section */

/* Begin PBXVariantGroup section */
		FDB792801EF5019100933229 /* Main.storyboard */ = {
			isa = PBXVariantGroup;
			children = (
				FDB792811EF5019100933229 /* Base */,
			);
			name = Main.storyboard;
			sourceTree = "<group>";
		};
		FDB792851EF5019100933229 /* LaunchScreen.storyboard */ = {
			isa = PBXVariantGroup;
			children = (
				FDB792861EF5019100933229 /* Base */,
			);
			name = LaunchScreen.storyboard;
			sourceTree = "<group>";
		};
/* End PBXVariantGroup section */

/* Begin XCBuildConfiguration section */
		FDB792891EF5019100933229 /* Debug */ = {
			isa = XCBuildConfiguration;
			buildSettings = {
				ALWAYS_SEARCH_USER_PATHS = NO;
				CLANG_ANALYZER_NONNULL = YES;
				CLANG_CXX_LANGUAGE_STANDARD = "gnu++0x";
				CLANG_CXX_LIBRARY = "libc++";
				CLANG_ENABLE_MODULES = YES;
				CLANG_ENABLE_OBJC_ARC = YES;
				CLANG_WARN_BOOL_CONVERSION = YES;
				CLANG_WARN_CONSTANT_CONVERSION = YES;
				CLANG_WARN_DIRECT_OBJC_ISA_USAGE = YES_ERROR;
				CLANG_WARN_DOCUMENTATION_COMMENTS = YES;
				CLANG_WARN_EMPTY_BODY = YES;
				CLANG_WARN_ENUM_CONVERSION = YES;
				CLANG_WARN_INFINITE_RECURSION = YES;
				CLANG_WARN_INT_CONVERSION = YES;
				CLANG_WARN_OBJC_ROOT_CLASS = YES_ERROR;
				CLANG_WARN_SUSPICIOUS_MOVE = YES;
				CLANG_WARN_UNREACHABLE_CODE = YES;
				CLANG_WARN__DUPLICATE_METHOD_MATCH = YES;
				"CODE_SIGN_IDENTITY[sdk=iphoneos*]" = "iPhone Developer";
				COPY_PHASE_STRIP = NO;
				DEBUG_INFORMATION_FORMAT = dwarf;
				ENABLE_STRICT_OBJC_MSGSEND = YES;
				ENABLE_TESTABILITY = YES;
				GCC_C_LANGUAGE_STANDARD = gnu99;
				GCC_DYNAMIC_NO_PIC = NO;
				GCC_NO_COMMON_BLOCKS = YES;
				GCC_OPTIMIZATION_LEVEL = 0;
				GCC_PREPROCESSOR_DEFINITIONS = (
					"DEBUG=1",
					"$(inherited)",
				);
				GCC_WARN_64_TO_32_BIT_CONVERSION = YES;
				GCC_WARN_ABOUT_RETURN_TYPE = YES_ERROR;
				GCC_WARN_UNDECLARED_SELECTOR = YES;
				GCC_WARN_UNINITIALIZED_AUTOS = YES_AGGRESSIVE;
				GCC_WARN_UNUSED_FUNCTION = YES;
				GCC_WARN_UNUSED_VARIABLE = YES;
				IPHONEOS_DEPLOYMENT_TARGET = 10.2;
				MTL_ENABLE_DEBUG_INFO = YES;
				ONLY_ACTIVE_ARCH = YES;
				SDKROOT = iphoneos;
				SWIFT_ACTIVE_COMPILATION_CONDITIONS = DEBUG;
				SWIFT_OPTIMIZATION_LEVEL = "-Onone";
			};
			name = Debug;
		};
		FDB7928A1EF5019100933229 /* Release */ = {
			isa = XCBuildConfiguration;
			buildSettings = {
				ALWAYS_SEARCH_USER_PATHS = NO;
				CLANG_ANALYZER_NONNULL = YES;
				CLANG_CXX_LANGUAGE_STANDARD = "gnu++0x";
				CLANG_CXX_LIBRARY = "libc++";
				CLANG_ENABLE_MODULES = YES;
				CLANG_ENABLE_OBJC_ARC = YES;
				CLANG_WARN_BOOL_CONVERSION = YES;
				CLANG_WARN_CONSTANT_CONVERSION = YES;
				CLANG_WARN_DIRECT_OBJC_ISA_USAGE = YES_ERROR;
				CLANG_WARN_DOCUMENTATION_COMMENTS = YES;
				CLANG_WARN_EMPTY_BODY = YES;
				CLANG_WARN_ENUM_CONVERSION = YES;
				CLANG_WARN_INFINITE_RECURSION = YES;
				CLANG_WARN_INT_CONVERSION = YES;
				CLANG_WARN_OBJC_ROOT_CLASS = YES_ERROR;
				CLANG_WARN_SUSPICIOUS_MOVE = YES;
				CLANG_WARN_UNREACHABLE_CODE = YES;
				CLANG_WARN__DUPLICATE_METHOD_MATCH = YES;
				"CODE_SIGN_IDENTITY[sdk=iphoneos*]" = "iPhone Developer";
				COPY_PHASE_STRIP = NO;
				DEBUG_INFORMATION_FORMAT = "dwarf-with-dsym";
				ENABLE_NS_ASSERTIONS = NO;
				ENABLE_STRICT_OBJC_MSGSEND = YES;
				GCC_C_LANGUAGE_STANDARD = gnu99;
				GCC_NO_COMMON_BLOCKS = YES;
				GCC_WARN_64_TO_32_BIT_CONVERSION = YES;
				GCC_WARN_ABOUT_RETURN_TYPE = YES_ERROR;
				GCC_WARN_UNDECLARED_SELECTOR = YES;
				GCC_WARN_UNINITIALIZED_AUTOS = YES_AGGRESSIVE;
				GCC_WARN_UNUSED_FUNCTION = YES;
				GCC_WARN_UNUSED_VARIABLE = YES;
				IPHONEOS_DEPLOYMENT_TARGET = 10.2;
				MTL_ENABLE_DEBUG_INFO = NO;
				SDKROOT = iphoneos;
				SWIFT_OPTIMIZATION_LEVEL = "-Owholemodule";
				VALIDATE_PRODUCT = YES;
			};
			name = Release;
		};
		FDB7928C1EF5019100933229 /* Debug */ = {
			isa = XCBuildConfiguration;
			baseConfigurationReference = 06CE9B5F062A59398FA2C2E7 /* Pods-Listen.debug.xcconfig */;
			buildSettings = {
				ASSETCATALOG_COMPILER_APPICON_NAME = AppIcon;
				DEVELOPMENT_TEAM = 464A59D8Y9;
				INFOPLIST_FILE = Listen/Info.plist;
				LD_RUNPATH_SEARCH_PATHS = "$(inherited) @executable_path/Frameworks";
				PRODUCT_BUNDLE_IDENTIFIER = com.spider.Listen;
				PRODUCT_NAME = "$(TARGET_NAME)";
				SWIFT_VERSION = 3.0;
			};
			name = Debug;
		};
		FDB7928D1EF5019100933229 /* Release */ = {
			isa = XCBuildConfiguration;
			baseConfigurationReference = C9073EC1708CB72FB5FD7E8F /* Pods-Listen.release.xcconfig */;
			buildSettings = {
				ASSETCATALOG_COMPILER_APPICON_NAME = AppIcon;
				DEVELOPMENT_TEAM = 464A59D8Y9;
				INFOPLIST_FILE = Listen/Info.plist;
				LD_RUNPATH_SEARCH_PATHS = "$(inherited) @executable_path/Frameworks";
				PRODUCT_BUNDLE_IDENTIFIER = com.spider.Listen;
				PRODUCT_NAME = "$(TARGET_NAME)";
				SWIFT_VERSION = 3.0;
			};
			name = Release;
		};
/* End XCBuildConfiguration section */

/* Begin XCConfigurationList section */
		FDB792741EF5019100933229 /* Build configuration list for PBXProject "Listen" */ = {
			isa = XCConfigurationList;
			buildConfigurations = (
				FDB792891EF5019100933229 /* Debug */,
				FDB7928A1EF5019100933229 /* Release */,
			);
			defaultConfigurationIsVisible = 0;
			defaultConfigurationName = Release;
		};
		FDB7928B1EF5019100933229 /* Build configuration list for PBXNativeTarget "Listen" */ = {
			isa = XCConfigurationList;
			buildConfigurations = (
				FDB7928C1EF5019100933229 /* Debug */,
				FDB7928D1EF5019100933229 /* Release */,
			);
			defaultConfigurationIsVisible = 0;
			defaultConfigurationName = Release;
		};
/* End XCConfigurationList section */
	};
	rootObject = FDB792711EF5019100933229 /* Project object */;
}
